
Microsoft Visual Studio Solution File, Format Version 12.00
Project("{FAE04EC0-301F-11D3-BF4B-00C04F79EFBC}") = "AdventOfCode", "AdventOfCode\AdventOfCode.csproj", "{08DA8C81-FC2F-4EF5-B8D2-090BB373EE33}"
EndProject
Global
	GlobalSection(SolutionConfigurationPlatforms) = preSolution
		Debug|Any CPU = Debug|Any CPU
		Release|Any CPU = Release|Any CPU
	EndGlobalSection
	GlobalSection(ProjectConfigurationPlatforms) = postSolution
		{08DA8C81-FC2F-4EF5-B8D2-090BB373EE33}.Debug|Any CPU.ActiveCfg = Debug|Any CPU
		{08DA8C81-FC2F-4EF5-B8D2-090BB373EE33}.Debug|Any CPU.Build.0 = Debug|Any CPU
		{08DA8C81-FC2F-4EF5-B8D2-090BB373EE33}.Release|Any CPU.ActiveCfg = Release|Any CPU
		{08DA8C81-FC2F-4EF5-B8D2-090BB373EE33}.Release|Any CPU.Build.0 = Release|Any CPU
	EndGlobalSection
EndGlobal
